
Microsoft Visual Studio Solution File, Format Version 12.00
Project("{FAE04EC0-301F-11D3-BF4B-00C04F79EFBC}") = "kolos1", "kolos1\kolos1.csproj", "{CAE7A472-2F19-4427-BA14-6294AB606B9D}"
EndProject
Global
	GlobalSection(SolutionConfigurationPlatforms) = preSolution
		Debug|Any CPU = Debug|Any CPU
		Release|Any CPU = Release|Any CPU
	EndGlobalSection
	GlobalSection(ProjectConfigurationPlatforms) = postSolution
		{CAE7A472-2F19-4427-BA14-6294AB606B9D}.Debug|Any CPU.ActiveCfg = Debug|Any CPU
		{CAE7A472-2F19-4427-BA14-6294AB606B9D}.Debug|Any CPU.Build.0 = Debug|Any CPU
		{CAE7A472-2F19-4427-BA14-6294AB606B9D}.Release|Any CPU.ActiveCfg = Release|Any CPU
		{CAE7A472-2F19-4427-BA14-6294AB606B9D}.Release|Any CPU.Build.0 = Release|Any CPU
	EndGlobalSection
EndGlobal
