
Microsoft Visual Studio Solution File, Format Version 12.00
Project("{FAE04EC0-301F-11D3-BF4B-00C04F79EFBC}") = "kol", "kol\kol.csproj", "{65B03C94-CFDD-48FE-AE93-71454B8CEEAA}"
EndProject
Global
	GlobalSection(SolutionConfigurationPlatforms) = preSolution
		Debug|Any CPU = Debug|Any CPU
		Release|Any CPU = Release|Any CPU
	EndGlobalSection
	GlobalSection(ProjectConfigurationPlatforms) = postSolution
		{65B03C94-CFDD-48FE-AE93-71454B8CEEAA}.Debug|Any CPU.ActiveCfg = Debug|Any CPU
		{65B03C94-CFDD-48FE-AE93-71454B8CEEAA}.Debug|Any CPU.Build.0 = Debug|Any CPU
		{65B03C94-CFDD-48FE-AE93-71454B8CEEAA}.Release|Any CPU.ActiveCfg = Release|Any CPU
		{65B03C94-CFDD-48FE-AE93-71454B8CEEAA}.Release|Any CPU.Build.0 = Release|Any CPU
	EndGlobalSection
EndGlobal
